
Microsoft Visual Studio Solution File, Format Version 12.00
# Visual Studio Version 16
VisualStudioVersion = 16.0.32630.194
MinimumVisualStudioVersion = 10.0.40219.1
Project("{FAE04EC0-301F-11D3-BF4B-00C04F79EFBC}") = "tic_tac_toe - arrays", "tic_tac_toe - arrays\tic_tac_toe - arrays.csproj", "{BBF590F1-1A14-4FE8-9CCF-6381A88C8B90}"
EndProject
Global
	GlobalSection(SolutionConfigurationPlatforms) = preSolution
		Debug|Any CPU = Debug|Any CPU
		Release|Any CPU = Release|Any CPU
	EndGlobalSection
	GlobalSection(ProjectConfigurationPlatforms) = postSolution
		{BBF590F1-1A14-4FE8-9CCF-6381A88C8B90}.Debug|Any CPU.ActiveCfg = Debug|Any CPU
		{BBF590F1-1A14-4FE8-9CCF-6381A88C8B90}.Debug|Any CPU.Build.0 = Debug|Any CPU
		{BBF590F1-1A14-4FE8-9CCF-6381A88C8B90}.Release|Any CPU.ActiveCfg = Release|Any CPU
		{BBF590F1-1A14-4FE8-9CCF-6381A88C8B90}.Release|Any CPU.Build.0 = Release|Any CPU
	EndGlobalSection
	GlobalSection(SolutionProperties) = preSolution
		HideSolutionNode = FALSE
	EndGlobalSection
	GlobalSection(ExtensibilityGlobals) = postSolution
		SolutionGuid = {2D5220DB-3EFF-4FEC-B5C6-EBFD1C9CC6FB}
	EndGlobalSection
EndGlobal
